
Microsoft Visual Studio Solution File, Format Version 12.00
# Visual Studio Version 17
VisualStudioVersion = 17.4.33122.133
MinimumVisualStudioVersion = 10.0.40219.1
Project("{9A19103F-16F7-4668-BE54-9A1E7A4F7556}") = "Kujira.Gui", "Kujira\Kujira.Gui.csproj", "{A964243B-2B3A-4AA6-B4F0-7C5F46084080}"
	ProjectSection(ProjectDependencies) = postProject
		{F8EDA5F2-B68A-4746-854C-42E6E58D2877} = {F8EDA5F2-B68A-4746-854C-42E6E58D2877}
	EndProjectSection
EndProject
Project("{9A19103F-16F7-4668-BE54-9A1E7A4F7556}") = "Kujira.Backend", "Kujira.Backend\Kujira.Backend.csproj", "{F8EDA5F2-B68A-4746-854C-42E6E58D2877}"
EndProject
Project("{9A19103F-16F7-4668-BE54-9A1E7A4F7556}") = "Kujira.Api", "Kujira.Backend.Api\Kujira.Api.csproj", "{2B3D935B-28D2-42BB-9DF0-9F377424E026}"
EndProject
Project("{FAE04EC0-301F-11D3-BF4B-00C04F79EFBC}") = "Kujira.Backend.Tests", "Kujira.Backend.Tests\Kujira.Backend.Tests.csproj", "{C89D8332-7C8C-4FF8-A405-217D70318730}"
EndProject
Global
	GlobalSection(SolutionConfigurationPlatforms) = preSolution
		Debug|Any CPU = Debug|Any CPU
		Release|Any CPU = Release|Any CPU
	EndGlobalSection
	GlobalSection(ProjectConfigurationPlatforms) = postSolution
		{A964243B-2B3A-4AA6-B4F0-7C5F46084080}.Debug|Any CPU.ActiveCfg = Debug|Any CPU
		{A964243B-2B3A-4AA6-B4F0-7C5F46084080}.Debug|Any CPU.Build.0 = Debug|Any CPU
		{A964243B-2B3A-4AA6-B4F0-7C5F46084080}.Release|Any CPU.ActiveCfg = Release|Any CPU
		{A964243B-2B3A-4AA6-B4F0-7C5F46084080}.Release|Any CPU.Build.0 = Release|Any CPU
		{F8EDA5F2-B68A-4746-854C-42E6E58D2877}.Debug|Any CPU.ActiveCfg = Debug|Any CPU
		{F8EDA5F2-B68A-4746-854C-42E6E58D2877}.Debug|Any CPU.Build.0 = Debug|Any CPU
		{F8EDA5F2-B68A-4746-854C-42E6E58D2877}.Release|Any CPU.ActiveCfg = Release|Any CPU
		{F8EDA5F2-B68A-4746-854C-42E6E58D2877}.Release|Any CPU.Build.0 = Release|Any CPU
		{2B3D935B-28D2-42BB-9DF0-9F377424E026}.Debug|Any CPU.ActiveCfg = Debug|Any CPU
		{2B3D935B-28D2-42BB-9DF0-9F377424E026}.Debug|Any CPU.Build.0 = Debug|Any CPU
		{2B3D935B-28D2-42BB-9DF0-9F377424E026}.Release|Any CPU.ActiveCfg = Release|Any CPU
		{2B3D935B-28D2-42BB-9DF0-9F377424E026}.Release|Any CPU.Build.0 = Release|Any CPU
		{C89D8332-7C8C-4FF8-A405-217D70318730}.Debug|Any CPU.ActiveCfg = Debug|Any CPU
		{C89D8332-7C8C-4FF8-A405-217D70318730}.Debug|Any CPU.Build.0 = Debug|Any CPU
		{C89D8332-7C8C-4FF8-A405-217D70318730}.Release|Any CPU.ActiveCfg = Release|Any CPU
		{C89D8332-7C8C-4FF8-A405-217D70318730}.Release|Any CPU.Build.0 = Release|Any CPU
	EndGlobalSection
	GlobalSection(SolutionProperties) = preSolution
		HideSolutionNode = FALSE
	EndGlobalSection
	GlobalSection(ExtensibilityGlobals) = postSolution
		SolutionGuid = {18128414-6386-497A-A8EB-FD799088D4A8}
	EndGlobalSection
EndGlobal
